// !$*UTF8*$!
{
	archiveVersion = 1;
	classes = {
	};
	objectVersion = 46;
	objects = {

/* Begin PBXBuildFile section */
		65BDB4A01D8C6B420091884F /* main.m in Sources */ = {isa = PBXBuildFile; fileRef = 65BDB49F1D8C6B420091884F /* main.m */; };
		65BDB4A31D8C6B420091884F /* AppDelegate.m in Sources */ = {isa = PBXBuildFile; fileRef = 65BDB4A21D8C6B420091884F /* AppDelegate.m */; };
		65BDB4A61D8C6B420091884F /* ViewController.m in Sources */ = {isa = PBXBuildFile; fileRef = 65BDB4A51D8C6B420091884F /* ViewController.m */; };
		65BDB4A91D8C6B420091884F /* Main.storyboard in Resources */ = {isa = PBXBuildFile; fileRef = 65BDB4A71D8C6B420091884F /* Main.storyboard */; };
		65BDB4AB1D8C6B420091884F /* Assets.xcassets in Resources */ = {isa = PBXBuildFile; fileRef = 65BDB4AA1D8C6B420091884F /* Assets.xcassets */; };
		65BDB4AE1D8C6B420091884F /* LaunchScreen.storyboard in Resources */ = {isa = PBXBuildFile; fileRef = 65BDB4AC1D8C6B420091884F /* LaunchScreen.storyboard */; };
		65BDB4B91D8C6B420091884F /* HomePwnerTests.m in Sources */ = {isa = PBXBuildFile; fileRef = 65BDB4B81D8C6B420091884F /* HomePwnerTests.m */; };
		65BDB4C41D8C6B420091884F /* HomePwnerUITests.m in Sources */ = {isa = PBXBuildFile; fileRef = 65BDB4C31D8C6B420091884F /* HomePwnerUITests.m */; };
/* End PBXBuildFile section */

/* Begin PBXContainerItemProxy section */
		65BDB4B51D8C6B420091884F /* PBXContainerItemProxy */ = {
			isa = PBXContainerItemProxy;
			containerPortal = 65BDB4931D8C6B420091884F /* Project object */;
			proxyType = 1;
			remoteGlobalIDString = 65BDB49A1D8C6B420091884F;
			remoteInfo = HomePwner;
		};
		65BDB4C01D8C6B420091884F /* PBXContainerItemProxy */ = {
			isa = PBXContainerItemProxy;
			containerPortal = 65BDB4931D8C6B420091884F /* Project object */;
			proxyType = 1;
			remoteGlobalIDString = 65BDB49A1D8C6B420091884F;
			remoteInfo = HomePwner;
		};
/* End PBXContainerItemProxy section */

/* Begin PBXFileReference section */
		65BDB49B1D8C6B420091884F /* HomePwner.app */ = {isa = PBXFileReference; explicitFileType = wrapper.application; includeInIndex = 0; path = HomePwner.app; sourceTree = BUILT_PRODUCTS_DIR; };
		65BDB49F1D8C6B420091884F /* main.m */ = {isa = PBXFileReference; lastKnownFileType = sourcecode.c.objc; path = main.m; sourceTree = "<group>"; };
		65BDB4A11D8C6B420091884F /* AppDelegate.h */ = {isa = PBXFileReference; lastKnownFileType = sourcecode.c.h; path = AppDelegate.h; sourceTree = "<group>"; };
		65BDB4A21D8C6B420091884F /* AppDelegate.m */ = {isa = PBXFileReference; lastKnownFileType = sourcecode.c.objc; path = AppDelegate.m; sourceTree = "<group>"; };
		65BDB4A41D8C6B420091884F /* ViewController.h */ = {isa = PBXFileReference; lastKnownFileType = sourcecode.c.h; path = ViewController.h; sourceTree = "<group>"; };
		65BDB4A51D8C6B420091884F /* ViewController.m */ = {isa = PBXFileReference; lastKnownFileType = sourcecode.c.objc; path = ViewController.m; sourceTree = "<group>"; };
		65BDB4A81D8C6B420091884F /* Base */ = {isa = PBXFileReference; lastKnownFileType = file.storyboard; name = Base; path = Base.lproj/Main.storyboard; sourceTree = "<group>"; };
		65BDB4AA1D8C6B420091884F /* Assets.xcassets */ = {isa = PBXFileReference; lastKnownFileType = folder.assetcatalog; path = Assets.xcassets; sourceTree = "<group>"; };
		65BDB4AD1D8C6B420091884F /* Base */ = {isa = PBXFileReference; lastKnownFileType = file.storyboard; name = Base; path = Base.lproj/LaunchScreen.storyboard; sourceTree = "<group>"; };
		65BDB4AF1D8C6B420091884F /* Info.plist */ = {isa = PBXFileReference; lastKnownFileType = text.plist.xml; path = Info.plist; sourceTree = "<group>"; };
		65BDB4B41D8C6B420091884F /* HomePwnerTests.xctest */ = {isa = PBXFileReference; explicitFileType = wrapper.cfbundle; includeInIndex = 0; path = HomePwnerTests.xctest; sourceTree = BUILT_PRODUCTS_DIR; };
		65BDB4B81D8C6B420091884F /* HomePwnerTests.m */ = {isa = PBXFileReference; lastKnownFileType = sourcecode.c.objc; path = HomePwnerTests.m; sourceTree = "<group>"; };
		65BDB4BA1D8C6B420091884F /* Info.plist */ = {isa = PBXFileReference; lastKnownFileType = text.plist.xml; path = Info.plist; sourceTree = "<group>"; };
		65BDB4BF1D8C6B420091884F /* HomePwnerUITests.xctest */ = {isa = PBXFileReference; explicitFileType = wrapper.cfbundle; includeInIndex = 0; path = HomePwnerUITests.xctest; sourceTree = BUILT_PRODUCTS_DIR; };
		65BDB4C31D8C6B420091884F /* HomePwnerUITests.m */ = {isa = PBXFileReference; lastKnownFileType = sourcecode.c.objc; path = HomePwnerUITests.m; sourceTree = "<group>"; };
		65BDB4C51D8C6B420091884F /* Info.plist */ = {isa = PBXFileReference; lastKnownFileType = text.plist.xml; path = Info.plist; sourceTree = "<group>"; };
/* End PBXFileReference section */

/* Begin PBXFrameworksBuildPhase section */
		65BDB4981D8C6B420091884F /* Frameworks */ = {
			isa = PBXFrameworksBuildPhase;
			buildActionMask = 2147483647;
			files = (
			);
			runOnlyForDeploymentPostprocessing = 0;
		};
		65BDB4B11D8C6B420091884F /* Frameworks */ = {
			isa = PBXFrameworksBuildPhase;
			buildActionMask = 2147483647;
			files = (
			);
			runOnlyForDeploymentPostprocessing = 0;
		};
		65BDB4BC1D8C6B420091884F /* Frameworks */ = {
			isa = PBXFrameworksBuildPhase;
			buildActionMask = 2147483647;
			files = (
			);
			runOnlyForDeploymentPostprocessing = 0;
		};
/* End PBXFrameworksBuildPhase section */

/* Begin PBXGroup section */
		65BDB4921D8C6B420091884F = {
			isa = PBXGroup;
			children = (
				65BDB49D1D8C6B420091884F /* HomePwner */,
				65BDB4B71D8C6B420091884F /* HomePwnerTests */,
				65BDB4C21D8C6B420091884F /* HomePwnerUITests */,
				65BDB49C1D8C6B420091884F /* Products */,
			);
			sourceTree = "<group>";
		};
		65BDB49C1D8C6B420091884F /* Products */ = {
			isa = PBXGroup;
			children = (
				65BDB49B1D8C6B420091884F /* HomePwner.app */,
				65BDB4B41D8C6B420091884F /* HomePwnerTests.xctest */,
				65BDB4BF1D8C6B420091884F /* HomePwnerUITests.xctest */,
			);
			name = Products;
			sourceTree = "<group>";
		};
		65BDB49D1D8C6B420091884F /* HomePwner */ = {
			isa = PBXGroup;
			children = (
				65BDB4A11D8C6B420091884F /* AppDelegate.h */,
				65BDB4A21D8C6B420091884F /* AppDelegate.m */,
				65BDB4A41D8C6B420091884F /* ViewController.h */,
				65BDB4A51D8C6B420091884F /* ViewController.m */,
				65BDB4A71D8C6B420091884F /* Main.storyboard */,
				65BDB4AA1D8C6B420091884F /* Assets.xcassets */,
				65BDB4AC1D8C6B420091884F /* LaunchScreen.storyboard */,
				65BDB4AF1D8C6B420091884F /* Info.plist */,
				65BDB49E1D8C6B420091884F /* Supporting Files */,
			);
			path = HomePwner;
			sourceTree = "<group>";
		};
		65BDB49E1D8C6B420091884F /* Supporting Files */ = {
			isa = PBXGroup;
			children = (
				65BDB49F1D8C6B420091884F /* main.m */,
			);
			name = "Supporting Files";
			sourceTree = "<group>";
		};
		65BDB4B71D8C6B420091884F /* HomePwnerTests */ = {
			isa = PBXGroup;
			children = (
				65BDB4B81D8C6B420091884F /* HomePwnerTests.m */,
				65BDB4BA1D8C6B420091884F /* Info.plist */,
			);
			path = HomePwnerTests;
			sourceTree = "<group>";
		};
		65BDB4C21D8C6B420091884F /* HomePwnerUITests */ = {
			isa = PBXGroup;
			children = (
				65BDB4C31D8C6B420091884F /* HomePwnerUITests.m */,
				65BDB4C51D8C6B420091884F /* Info.plist */,
			);
			path = HomePwnerUITests;
			sourceTree = "<group>";
		};
/* End PBXGroup section */

/* Begin PBXNativeTarget section */
		65BDB49A1D8C6B420091884F /* HomePwner */ = {
			isa = PBXNativeTarget;
			buildConfigurationList = 65BDB4C81D8C6B420091884F /* Build configuration list for PBXNativeTarget "HomePwner" */;
			buildPhases = (
				65BDB4971D8C6B420091884F /* Sources */,
				65BDB4981D8C6B420091884F /* Frameworks */,
				65BDB4991D8C6B420091884F /* Resources */,
			);
			buildRules = (
			);
			dependencies = (
			);
			name = HomePwner;
			productName = HomePwner;
			productReference = 65BDB49B1D8C6B420091884F /* HomePwner.app */;
			productType = "com.apple.product-type.application";
		};
		65BDB4B31D8C6B420091884F /* HomePwnerTests */ = {
			isa = PBXNativeTarget;
			buildConfigurationList = 65BDB4CB1D8C6B420091884F /* Build configuration list for PBXNativeTarget "HomePwnerTests" */;
			buildPhases = (
				65BDB4B01D8C6B420091884F /* Sources */,
				65BDB4B11D8C6B420091884F /* Frameworks */,
				65BDB4B21D8C6B420091884F /* Resources */,
			);
			buildRules = (
			);
			dependencies = (
				65BDB4B61D8C6B420091884F /* PBXTargetDependency */,
			);
			name = HomePwnerTests;
			productName = HomePwnerTests;
			productReference = 65BDB4B41D8C6B420091884F /* HomePwnerTests.xctest */;
			productType = "com.apple.product-type.bundle.unit-test";
		};
		65BDB4BE1D8C6B420091884F /* HomePwnerUITests */ = {
			isa = PBXNativeTarget;
			buildConfigurationList = 65BDB4CE1D8C6B420091884F /* Build configuration list for PBXNativeTarget "HomePwnerUITests" */;
			buildPhases = (
				65BDB4BB1D8C6B420091884F /* Sources */,
				65BDB4BC1D8C6B420091884F /* Frameworks */,
				65BDB4BD1D8C6B420091884F /* Resources */,
			);
			buildRules = (
			);
			dependencies = (
				65BDB4C11D8C6B420091884F /* PBXTargetDependency */,
			);
			name = HomePwnerUITests;
			productName = HomePwnerUITests;
			productReference = 65BDB4BF1D8C6B420091884F /* HomePwnerUITests.xctest */;
			productType = "com.apple.product-type.bundle.ui-testing";
		};
/* End PBXNativeTarget section */

/* Begin PBXProject section */
		65BDB4931D8C6B420091884F /* Project object */ = {
			isa = PBXProject;
			attributes = {
				LastUpgradeCheck = 0800;
				ORGANIZATIONNAME = Arcore;
				TargetAttributes = {
					65BDB49A1D8C6B420091884F = {
						CreatedOnToolsVersion = 8.0;
						DevelopmentTeam = 3YHJ3C68N2;
						ProvisioningStyle = Automatic;
					};
					65BDB4B31D8C6B420091884F = {
						CreatedOnToolsVersion = 8.0;
						DevelopmentTeam = 3YHJ3C68N2;
						ProvisioningStyle = Automatic;
						TestTargetID = 65BDB49A1D8C6B420091884F;
					};
					65BDB4BE1D8C6B420091884F = {
						CreatedOnToolsVersion = 8.0;
						DevelopmentTeam = 3YHJ3C68N2;
						ProvisioningStyle = Automatic;
						TestTargetID = 65BDB49A1D8C6B420091884F;
					};
				};
			};
			buildConfigurationList = 65BDB4961D8C6B420091884F /* Build configuration list for PBXProject "HomePwner" */;
			compatibilityVersion = "Xcode 3.2";
			developmentRegion = English;
			hasScannedForEncodings = 0;
			knownRegions = (
				en,
				Base,
			);
			mainGroup = 65BDB4921D8C6B420091884F;
			productRefGroup = 65BDB49C1D8C6B420091884F /* Products */;
			projectDirPath = "";
			projectRoot = "";
			targets = (
				65BDB49A1D8C6B420091884F /* HomePwner */,
				65BDB4B31D8C6B420091884F /* HomePwnerTests */,
				65BDB4BE1D8C6B420091884F /* HomePwnerUITests */,
			);
		};
/* End PBXProject section */

/* Begin PBXResourcesBuildPhase section */
		65BDB4991D8C6B420091884F /* Resources */ = {
			isa = PBXResourcesBuildPhase;
			buildActionMask = 2147483647;
			files = (
				65BDB4AE1D8C6B420091884F /* LaunchScreen.storyboard in Resources */,
				65BDB4AB1D8C6B420091884F /* Assets.xcassets in Resources */,
				65BDB4A91D8C6B420091884F /* Main.storyboard in Resources */,
			);
			runOnlyForDeploymentPostprocessing = 0;
		};
		65BDB4B21D8C6B420091884F /* Resources */ = {
			isa = PBXResourcesBuildPhase;
			buildActionMask = 2147483647;
			files = (
			);
			runOnlyForDeploymentPostprocessing = 0;
		};
		65BDB4BD1D8C6B420091884F /* Resources */ = {
			isa = PBXResourcesBuildPhase;
			buildActionMask = 2147483647;
			files = (
			);
			runOnlyForDeploymentPostprocessing = 0;
		};
/* End PBXResourcesBuildPhase section */

/* Begin PBXSourcesBuildPhase section */
		65BDB4971D8C6B420091884F /* Sources */ = {
			isa = PBXSourcesBuildPhase;
			buildActionMask = 2147483647;
			files = (
				65BDB4A61D8C6B420091884F /* ViewController.m in Sources */,
				65BDB4A31D8C6B420091884F /* AppDelegate.m in Sources */,
				65BDB4A01D8C6B420091884F /* main.m in Sources */,
			);
			runOnlyForDeploymentPostprocessing = 0;
		};
		65BDB4B01D8C6B420091884F /* Sources */ = {
			isa = PBXSourcesBuildPhase;
			buildActionMask = 2147483647;
			files = (
				65BDB4B91D8C6B420091884F /* HomePwnerTests.m in Sources */,
			);
			runOnlyForDeploymentPostprocessing = 0;
		};
		65BDB4BB1D8C6B420091884F /* Sources */ = {
			isa = PBXSourcesBuildPhase;
			buildActionMask = 2147483647;
			files = (
				65BDB4C41D8C6B420091884F /* HomePwnerUITests.m in Sources */,
			);
			runOnlyForDeploymentPostprocessing = 0;
		};
/* End PBXSourcesBuildPhase section */

/* Begin PBXTargetDependency section */
		65BDB4B61D8C6B420091884F /* PBXTargetDependency */ = {
			isa = PBXTargetDependency;
			target = 65BDB49A1D8C6B420091884F /* HomePwner */;
			targetProxy = 65BDB4B51D8C6B420091884F /* PBXContainerItemProxy */;
		};
		65BDB4C11D8C6B420091884F /* PBXTargetDependency */ = {
			isa = PBXTargetDependency;
			target = 65BDB49A1D8C6B420091884F /* HomePwner */;
			targetProxy = 65BDB4C01D8C6B420091884F /* PBXContainerItemProxy */;
		};
/* End PBXTargetDependency section */

/* Begin PBXVariantGroup section */
		65BDB4A71D8C6B420091884F /* Main.storyboard */ = {
			isa = PBXVariantGroup;
			children = (
				65BDB4A81D8C6B420091884F /* Base */,
			);
			name = Main.storyboard;
			sourceTree = "<group>";
		};
		65BDB4AC1D8C6B420091884F /* LaunchScreen.storyboard */ = {
			isa = PBXVariantGroup;
			children = (
				65BDB4AD1D8C6B420091884F /* Base */,
			);
			name = LaunchScreen.storyboard;
			sourceTree = "<group>";
		};
/* End PBXVariantGroup section */

/* Begin XCBuildConfiguration section */
		65BDB4C61D8C6B420091884F /* Debug */ = {
			isa = XCBuildConfiguration;
			buildSettings = {
				ALWAYS_SEARCH_USER_PATHS = NO;
				CLANG_ANALYZER_NONNULL = YES;
				CLANG_CXX_LANGUAGE_STANDARD = "gnu++0x";
				CLANG_CXX_LIBRARY = "libc++";
				CLANG_ENABLE_MODULES = YES;
				CLANG_ENABLE_OBJC_ARC = YES;
				CLANG_WARN_BOOL_CONVERSION = YES;
				CLANG_WARN_CONSTANT_CONVERSION = YES;
				CLANG_WARN_DIRECT_OBJC_ISA_USAGE = YES_ERROR;
				CLANG_WARN_DOCUMENTATION_COMMENTS = YES;
				CLANG_WARN_EMPTY_BODY = YES;
				CLANG_WARN_ENUM_CONVERSION = YES;
				CLANG_WARN_INFINITE_RECURSION = YES;
				CLANG_WARN_INT_CONVERSION = YES;
				CLANG_WARN_OBJC_ROOT_CLASS = YES_ERROR;
				CLANG_WARN_SUSPICIOUS_MOVES = YES;
				CLANG_WARN_UNREACHABLE_CODE = YES;
				CLANG_WARN__DUPLICATE_METHOD_MATCH = YES;
				"CODE_SIGN_IDENTITY[sdk=iphoneos*]" = "iPhone Developer";
				COPY_PHASE_STRIP = NO;
				DEBUG_INFORMATION_FORMAT = dwarf;
				ENABLE_STRICT_OBJC_MSGSEND = YES;
				ENABLE_TESTABILITY = YES;
				GCC_C_LANGUAGE_STANDARD = gnu99;
				GCC_DYNAMIC_NO_PIC = NO;
				GCC_NO_COMMON_BLOCKS = YES;
				GCC_OPTIMIZATION_LEVEL = 0;
				GCC_PREPROCESSOR_DEFINITIONS = (
					"DEBUG=1",
					"$(inherited)",
				);
				GCC_WARN_64_TO_32_BIT_CONVERSION = YES;
				GCC_WARN_ABOUT_RETURN_TYPE = YES_ERROR;
				GCC_WARN_UNDECLARED_SELECTOR = YES;
				GCC_WARN_UNINITIALIZED_AUTOS = YES_AGGRESSIVE;
				GCC_WARN_UNUSED_FUNCTION = YES;
				GCC_WARN_UNUSED_VARIABLE = YES;
				IPHONEOS_DEPLOYMENT_TARGET = 10.0;
				MTL_ENABLE_DEBUG_INFO = YES;
				ONLY_ACTIVE_ARCH = YES;
				SDKROOT = iphoneos;
			};
			name = Debug;
		};
		65BDB4C71D8C6B420091884F /* Release */ = {
			isa = XCBuildConfiguration;
			buildSettings = {
				ALWAYS_SEARCH_USER_PATHS = NO;
				CLANG_ANALYZER_NONNULL = YES;
				CLANG_CXX_LANGUAGE_STANDARD = "gnu++0x";
				CLANG_CXX_LIBRARY = "libc++";
				CLANG_ENABLE_MODULES = YES;
				CLANG_ENABLE_OBJC_ARC = YES;
				CLANG_WARN_BOOL_CONVERSION = YES;
				CLANG_WARN_CONSTANT_CONVERSION = YES;
				CLANG_WARN_DIRECT_OBJC_ISA_USAGE = YES_ERROR;
				CLANG_WARN_DOCUMENTATION_COMMENTS = YES;
				CLANG_WARN_EMPTY_BODY = YES;
				CLANG_WARN_ENUM_CONVERSION = YES;
				CLANG_WARN_INFINITE_RECURSION = YES;
				CLANG_WARN_INT_CONVERSION = YES;
				CLANG_WARN_OBJC_ROOT_CLASS = YES_ERROR;
				CLANG_WARN_SUSPICIOUS_MOVES = YES;
				CLANG_WARN_UNREACHABLE_CODE = YES;
				CLANG_WARN__DUPLICATE_METHOD_MATCH = YES;
				"CODE_SIGN_IDENTITY[sdk=iphoneos*]" = "iPhone Developer";
				COPY_PHASE_STRIP = NO;
				DEBUG_INFORMATION_FORMAT = "dwarf-with-dsym";
				ENABLE_NS_ASSERTIONS = NO;
				ENABLE_STRICT_OBJC_MSGSEND = YES;
				GCC_C_LANGUAGE_STANDARD = gnu99;
				GCC_NO_COMMON_BLOCKS = YES;
				GCC_WARN_64_TO_32_BIT_CONVERSION = YES;
				GCC_WARN_ABOUT_RETURN_TYPE = YES_ERROR;
				GCC_WARN_UNDECLARED_SELECTOR = YES;
				GCC_WARN_UNINITIALIZED_AUTOS = YES_AGGRESSIVE;
				GCC_WARN_UNUSED_FUNCTION = YES;
				GCC_WARN_UNUSED_VARIABLE = YES;
				IPHONEOS_DEPLOYMENT_TARGET = 10.0;
				MTL_ENABLE_DEBUG_INFO = NO;
				SDKROOT = iphoneos;
				VALIDATE_PRODUCT = YES;
			};
			name = Release;
		};
		65BDB4C91D8C6B420091884F /* Debug */ = {
			isa = XCBuildConfiguration;
			buildSettings = {
				ASSETCATALOG_COMPILER_APPICON_NAME = AppIcon;
				DEVELOPMENT_TEAM = 3YHJ3C68N2;
				INFOPLIST_FILE = HomePwner/Info.plist;
				LD_RUNPATH_SEARCH_PATHS = "$(inherited) @executable_path/Frameworks";
				PRODUCT_BUNDLE_IDENTIFIER = com.arcore.HomePwner;
				PRODUCT_NAME = "$(TARGET_NAME)";
			};
			name = Debug;
		};
		65BDB4CA1D8C6B420091884F /* Release */ = {
			isa = XCBuildConfiguration;
			buildSettings = {
				ASSETCATALOG_COMPILER_APPICON_NAME = AppIcon;
				DEVELOPMENT_TEAM = 3YHJ3C68N2;
				INFOPLIST_FILE = HomePwner/Info.plist;
				LD_RUNPATH_SEARCH_PATHS = "$(inherited) @executable_path/Frameworks";
				PRODUCT_BUNDLE_IDENTIFIER = com.arcore.HomePwner;
				PRODUCT_NAME = "$(TARGET_NAME)";
			};
			name = Release;
		};
		65BDB4CC1D8C6B420091884F /* Debug */ = {
			isa = XCBuildConfiguration;
			buildSettings = {
				BUNDLE_LOADER = "$(TEST_HOST)";
				DEVELOPMENT_TEAM = 3YHJ3C68N2;
				INFOPLIST_FILE = HomePwnerTests/Info.plist;
				LD_RUNPATH_SEARCH_PATHS = "$(inherited) @executable_path/Frameworks @loader_path/Frameworks";
				PRODUCT_BUNDLE_IDENTIFIER = com.arcore.HomePwnerTests;
				PRODUCT_NAME = "$(TARGET_NAME)";
				TEST_HOST = "$(BUILT_PRODUCTS_DIR)/HomePwner.app/HomePwner";
			};
			name = Debug;
		};
		65BDB4CD1D8C6B420091884F /* Release */ = {
			isa = XCBuildConfiguration;
			buildSettings = {
				BUNDLE_LOADER = "$(TEST_HOST)";
				DEVELOPMENT_TEAM = 3YHJ3C68N2;
				INFOPLIST_FILE = HomePwnerTests/Info.plist;
				LD_RUNPATH_SEARCH_PATHS = "$(inherited) @executable_path/Frameworks @loader_path/Frameworks";
				PRODUCT_BUNDLE_IDENTIFIER = com.arcore.HomePwnerTests;
				PRODUCT_NAME = "$(TARGET_NAME)";
				TEST_HOST = "$(BUILT_PRODUCTS_DIR)/HomePwner.app/HomePwner";
			};
			name = Release;
		};
		65BDB4CF1D8C6B420091884F /* Debug */ = {
			isa = XCBuildConfiguration;
			buildSettings = {
				DEVELOPMENT_TEAM = 3YHJ3C68N2;
				INFOPLIST_FILE = HomePwnerUITests/Info.plist;
				LD_RUNPATH_SEARCH_PATHS = "$(inherited) @executable_path/Frameworks @loader_path/Frameworks";
				PRODUCT_BUNDLE_IDENTIFIER = com.arcore.HomePwnerUITests;
				PRODUCT_NAME = "$(TARGET_NAME)";
				TEST_TARGET_NAME = HomePwner;
			};
			name = Debug;
		};
		65BDB4D01D8C6B420091884F /* Release */ = {
			isa = XCBuildConfiguration;
			buildSettings = {
				DEVELOPMENT_TEAM = 3YHJ3C68N2;
				INFOPLIST_FILE = HomePwnerUITests/Info.plist;
				LD_RUNPATH_SEARCH_PATHS = "$(inherited) @executable_path/Frameworks @loader_path/Frameworks";
				PRODUCT_BUNDLE_IDENTIFIER = com.arcore.HomePwnerUITests;
				PRODUCT_NAME = "$(TARGET_NAME)";
				TEST_TARGET_NAME = HomePwner;
			};
			name = Release;
		};
/* End XCBuildConfiguration section */

/* Begin XCConfigurationList section */
		65BDB4961D8C6B420091884F /* Build configuration list for PBXProject "HomePwner" */ = {
			isa = XCConfigurationList;
			buildConfigurations = (
				65BDB4C61D8C6B420091884F /* Debug */,
				65BDB4C71D8C6B420091884F /* Release */,
			);
			defaultConfigurationIsVisible = 0;
			defaultConfigurationName = Release;
		};
		65BDB4C81D8C6B420091884F /* Build configuration list for PBXNativeTarget "HomePwner" */ = {
			isa = XCConfigurationList;
			buildConfigurations = (
				65BDB4C91D8C6B420091884F /* Debug */,
				65BDB4CA1D8C6B420091884F /* Release */,
			);
			defaultConfigurationIsVisible = 0;
		};
		65BDB4CB1D8C6B420091884F /* Build configuration list for PBXNativeTarget "HomePwnerTests" */ = {
			isa = XCConfigurationList;
			buildConfigurations = (
				65BDB4CC1D8C6B420091884F /* Debug */,
				65BDB4CD1D8C6B420091884F /* Release */,
			);
			defaultConfigurationIsVisible = 0;
		};
		65BDB4CE1D8C6B420091884F /* Build configuration list for PBXNativeTarget "HomePwnerUITests" */ = {
			isa = XCConfigurationList;
			buildConfigurations = (
				65BDB4CF1D8C6B420091884F /* Debug */,
				65BDB4D01D8C6B420091884F /* Release */,
			);
			defaultConfigurationIsVisible = 0;
		};
/* End XCConfigurationList section */
	};
	rootObject = 65BDB4931D8C6B420091884F /* Project object */;
}
